
Microsoft Visual Studio Solution File, Format Version 12.00
# Visual Studio 15
VisualStudioVersion = 15.0.27004.2002
MinimumVisualStudioVersion = 10.0.40219.1
Project("{FAE04EC0-301F-11D3-BF4B-00C04F79EFBC}") = "BISC", "BISC\BISC.csproj", "{6538F683-BD3F-494E-916D-60C8A35E64F3}"
EndProject
Project("{2150E333-8FDC-42A3-9474-1A3956D46DE8}") = "BISC.Presentation", "BISC.Presentation", "{73BBF3B9-61AE-4116-AA3F-713CF2D58C33}"
EndProject
Project("{2150E333-8FDC-42A3-9474-1A3956D46DE8}") = "BISC.Model", "BISC.Model", "{1A9857B4-FC9C-4896-821D-D020C7728183}"
EndProject
Project("{2150E333-8FDC-42A3-9474-1A3956D46DE8}") = "BISC.Modules", "BISC.Modules", "{A261E46B-6D8A-4129-B56A-D0B41F72389A}"
EndProject
Project("{2150E333-8FDC-42A3-9474-1A3956D46DE8}") = "BISC.Infrastructure", "BISC.Infrastructure", "{1231F6E9-6E8B-481B-9C9C-CBE22FF974E1}"
EndProject
Project("{FAE04EC0-301F-11D3-BF4B-00C04F79EFBC}") = "BISC.Infrastructure.CompositionRoot", "BISC.Infrastructure\BISC.Infrastructure.CompositionRoot\BISC.Infrastructure.CompositionRoot.csproj", "{8673EEB5-8EB2-4DAD-886B-CE3F7605F728}"
EndProject
Project("{2150E333-8FDC-42A3-9474-1A3956D46DE8}") = "BISC.Modules.Gooses", "BISC.Modules.Gooses", "{E50DF5B0-B85A-4317-9203-5B2BE23279B9}"
EndProject
Project("{FAE04EC0-301F-11D3-BF4B-00C04F79EFBC}") = "BISC.Infrastructure.Global", "BISC.Infrastructure\BISC.Infrastructure.Global\BISC.Infrastructure.Global.csproj", "{E28FB4BB-B14A-441A-A1B7-2EC9E37A33DF}"
EndProject
Project("{FAE04EC0-301F-11D3-BF4B-00C04F79EFBC}") = "BISC.Presentation.Infrastructure", "BISC.Presentation\BISC.Presentation.Infrastructure\BISC.Presentation.Infrastructure.csproj", "{D4FEAC3B-C8F9-4DE7-8953-988C75F0F9AA}"
EndProject
Project("{FAE04EC0-301F-11D3-BF4B-00C04F79EFBC}") = "BISC.Presentation", "BISC.Presentation\BISC.Presentation\BISC.Presentation.csproj", "{11E0533C-FBCF-411F-85C4-771840C700B5}"
EndProject
Project("{2150E333-8FDC-42A3-9474-1A3956D46DE8}") = "BISC.Modules.Connection", "BISC.Modules.Connection", "{B6ADCC98-0AB3-4D20-931C-B00A7B34B1BE}"
EndProject
Project("{FAE04EC0-301F-11D3-BF4B-00C04F79EFBC}") = "BISC.Modules.Connection.Infrastructure", "BISC.Modules\BISC.Modules.Connection\BISC.Modules.Connection.Infrastructure\BISC.Modules.Connection.Infrastructure.csproj", "{84925CA6-959A-4094-9688-622DC28B7452}"
EndProject
Project("{FAE04EC0-301F-11D3-BF4B-00C04F79EFBC}") = "BISC.Model.Infrastructure", "BISC.Model\BISC.Model.Infrastructure\BISC.Model.Infrastructure.csproj", "{11F8EB7F-9804-4902-942B-3631A8D83B06}"
EndProject
Project("{FAE04EC0-301F-11D3-BF4B-00C04F79EFBC}") = "BISC.Model.Global", "BISC.Model\BISC.Model.Global\BISC.Model.Global.csproj", "{FCA3F7FE-D64B-4C3C-9F8D-85753FC944BE}"
EndProject
Project("{FAE04EC0-301F-11D3-BF4B-00C04F79EFBC}") = "BISC.Model.Iec61850Ed2", "BISC.Model\BISC.Model.Iec61850Ed2\BISC.Model.Iec61850Ed2.csproj", "{39501F05-C2AA-48B3-BDE8-6009E16980CD}"
EndProject
Project("{2150E333-8FDC-42A3-9474-1A3956D46DE8}") = "BISC.Modules.Device", "BISC.Modules.Device", "{85B6CDAD-10DB-40F6-ADC7-D21EC7388D46}"
EndProject
Project("{FAE04EC0-301F-11D3-BF4B-00C04F79EFBC}") = "BISC.Modules.Device.Presentation", "BISC.Modules\BISC.Modules.Device\BISC.Modules.Device.Presentation\BISC.Modules.Device.Presentation.csproj", "{736992EE-8449-49AA-8A40-B2462AD51ECD}"
EndProject
Project("{2150E333-8FDC-42A3-9474-1A3956D46DE8}") = "BISC.Modules.InformationModel", "BISC.Modules.InformationModel", "{4E0F5849-5290-438A-95C8-0BBF34AD4409}"
EndProject
Project("{FAE04EC0-301F-11D3-BF4B-00C04F79EFBC}") = "BISC.Modules.InformationModel.Infrastucture", "BISC.Modules\BISC.Modules.InformationModel\BISC.Modules.InformationModel.Infrastucture\BISC.Modules.InformationModel.Infrastucture.csproj", "{1642183D-562D-4E50-B8F7-22205D731E45}"
EndProject
Project("{FAE04EC0-301F-11D3-BF4B-00C04F79EFBC}") = "BISC.Modules.InformationModel.Model", "BISC.Modules\BISC.Modules.InformationModel\BISC.Modules.InformationModel.Model\BISC.Modules.InformationModel.Model.csproj", "{346395B5-8238-45AE-B002-C22B816AC135}"
EndProject
Project("{FAE04EC0-301F-11D3-BF4B-00C04F79EFBC}") = "BISC.Modules.Device.Infrastructure", "BISC.Modules\BISC.Modules.Device\BISC.Modules.Device.Infrastructure\BISC.Modules.Device.Infrastructure.csproj", "{ADF04BC5-5D55-4B62-B5E3-AD355CA8BB07}"
EndProject
Project("{2150E333-8FDC-42A3-9474-1A3956D46DE8}") = "BISC.Modules.Logging", "BISC.Modules.Logging", "{1F0C3063-08C0-48C0-98F7-92F2BB7E0855}"
EndProject
Project("{FAE04EC0-301F-11D3-BF4B-00C04F79EFBC}") = "BISC.Modules.Logging", "BISC.Modules\BISC.Modules.Logging\BISC.Modules.Logging.Infrastructure\BISC.Modules.Logging.csproj", "{F8DB343C-6F66-40EA-9462-015F84832894}"
EndProject
Project("{FAE04EC0-301F-11D3-BF4B-00C04F79EFBC}") = "BISC.Presentation.BaseItems", "BISC.Presentation\BISC.Presentation.BaseItems\BISC.Presentation.BaseItems.csproj", "{02377DCB-BF54-4343-A7C2-15B9AF8E5605}"
EndProject
Project("{FAE04EC0-301F-11D3-BF4B-00C04F79EFBC}") = "BISC.Modules.Device.Model", "BISC.Modules\BISC.Modules.Device\BISC.Modules.Device.Model\BISC.Modules.Device.Model.csproj", "{B16C43D5-A925-428D-8AB6-D5E296DB4B54}"
EndProject
Project("{FAE04EC0-301F-11D3-BF4B-00C04F79EFBC}") = "BISC.Modules.Connection.Model", "BISC.Modules.Connection.Model\BISC.Modules.Connection.Model.csproj", "{91B85760-A120-4F20-9FBD-84DB863C460B}"
EndProject
Project("{FAE04EC0-301F-11D3-BF4B-00C04F79EFBC}") = "BISC.Modules.Connection.Presentation", "BISC.Modules.Connection.Presentation\BISC.Modules.Connection.Presentation.csproj", "{48F6571C-ED09-4ED9-B76A-AC78EF9E9890}"
EndProject
Project("{FAE04EC0-301F-11D3-BF4B-00C04F79EFBC}") = "BISC.Modules.InformationModel.Presentation", "BISC.Modules\BISC.Modules.InformationModel\BISC.Modules.InformationModel.Presentation\BISC.Modules.InformationModel.Presentation.csproj", "{749492EB-2EFC-4D03-BB60-E26BBAF25DD8}"
EndProject
Project("{2150E333-8FDC-42A3-9474-1A3956D46DE8}") = "BISC.Modules.FTP", "BISC.Modules.FTP", "{9F6FCCC2-750C-455C-B8E1-7A979AB8B597}"
EndProject
Project("{FAE04EC0-301F-11D3-BF4B-00C04F79EFBC}") = "BISC.Modules.FTP", "BISC.Modules\BISC.Modules.FTP\BISC.Modules.FTP\BISC.Modules.FTP.csproj", "{B373CEF3-3E86-4700-A91B-BA85FCA309CC}"
EndProject
Project("{FAE04EC0-301F-11D3-BF4B-00C04F79EFBC}") = "BISC.Modules.FTP.Infrastructure", "BISC.Modules\BISC.Modules.FTP\BISC.Modules.FTP.Infrastructure\BISC.Modules.FTP.Infrastructure.csproj", "{60A162A1-2A6A-4A39-B349-4B718BA1FA1F}"
EndProject
Global
	GlobalSection(SolutionConfigurationPlatforms) = preSolution
		Debug|Any CPU = Debug|Any CPU
		Release|Any CPU = Release|Any CPU
	EndGlobalSection
	GlobalSection(ProjectConfigurationPlatforms) = postSolution
		{6538F683-BD3F-494E-916D-60C8A35E64F3}.Debug|Any CPU.ActiveCfg = Debug|Any CPU
		{6538F683-BD3F-494E-916D-60C8A35E64F3}.Debug|Any CPU.Build.0 = Debug|Any CPU
		{6538F683-BD3F-494E-916D-60C8A35E64F3}.Release|Any CPU.ActiveCfg = Release|Any CPU
		{6538F683-BD3F-494E-916D-60C8A35E64F3}.Release|Any CPU.Build.0 = Release|Any CPU
		{8673EEB5-8EB2-4DAD-886B-CE3F7605F728}.Debug|Any CPU.ActiveCfg = Debug|Any CPU
		{8673EEB5-8EB2-4DAD-886B-CE3F7605F728}.Debug|Any CPU.Build.0 = Debug|Any CPU
		{8673EEB5-8EB2-4DAD-886B-CE3F7605F728}.Release|Any CPU.ActiveCfg = Release|Any CPU
		{8673EEB5-8EB2-4DAD-886B-CE3F7605F728}.Release|Any CPU.Build.0 = Release|Any CPU
		{E28FB4BB-B14A-441A-A1B7-2EC9E37A33DF}.Debug|Any CPU.ActiveCfg = Debug|Any CPU
		{E28FB4BB-B14A-441A-A1B7-2EC9E37A33DF}.Debug|Any CPU.Build.0 = Debug|Any CPU
		{E28FB4BB-B14A-441A-A1B7-2EC9E37A33DF}.Release|Any CPU.ActiveCfg = Release|Any CPU
		{E28FB4BB-B14A-441A-A1B7-2EC9E37A33DF}.Release|Any CPU.Build.0 = Release|Any CPU
		{D4FEAC3B-C8F9-4DE7-8953-988C75F0F9AA}.Debug|Any CPU.ActiveCfg = Debug|Any CPU
		{D4FEAC3B-C8F9-4DE7-8953-988C75F0F9AA}.Debug|Any CPU.Build.0 = Debug|Any CPU
		{D4FEAC3B-C8F9-4DE7-8953-988C75F0F9AA}.Release|Any CPU.ActiveCfg = Release|Any CPU
		{D4FEAC3B-C8F9-4DE7-8953-988C75F0F9AA}.Release|Any CPU.Build.0 = Release|Any CPU
		{11E0533C-FBCF-411F-85C4-771840C700B5}.Debug|Any CPU.ActiveCfg = Debug|Any CPU
		{11E0533C-FBCF-411F-85C4-771840C700B5}.Debug|Any CPU.Build.0 = Debug|Any CPU
		{11E0533C-FBCF-411F-85C4-771840C700B5}.Release|Any CPU.ActiveCfg = Release|Any CPU
		{11E0533C-FBCF-411F-85C4-771840C700B5}.Release|Any CPU.Build.0 = Release|Any CPU
		{84925CA6-959A-4094-9688-622DC28B7452}.Debug|Any CPU.ActiveCfg = Debug|Any CPU
		{84925CA6-959A-4094-9688-622DC28B7452}.Debug|Any CPU.Build.0 = Debug|Any CPU
		{84925CA6-959A-4094-9688-622DC28B7452}.Release|Any CPU.ActiveCfg = Release|Any CPU
		{84925CA6-959A-4094-9688-622DC28B7452}.Release|Any CPU.Build.0 = Release|Any CPU
		{11F8EB7F-9804-4902-942B-3631A8D83B06}.Debug|Any CPU.ActiveCfg = Debug|Any CPU
		{11F8EB7F-9804-4902-942B-3631A8D83B06}.Debug|Any CPU.Build.0 = Debug|Any CPU
		{11F8EB7F-9804-4902-942B-3631A8D83B06}.Release|Any CPU.ActiveCfg = Release|Any CPU
		{11F8EB7F-9804-4902-942B-3631A8D83B06}.Release|Any CPU.Build.0 = Release|Any CPU
		{FCA3F7FE-D64B-4C3C-9F8D-85753FC944BE}.Debug|Any CPU.ActiveCfg = Debug|Any CPU
		{FCA3F7FE-D64B-4C3C-9F8D-85753FC944BE}.Debug|Any CPU.Build.0 = Debug|Any CPU
		{FCA3F7FE-D64B-4C3C-9F8D-85753FC944BE}.Release|Any CPU.ActiveCfg = Release|Any CPU
		{FCA3F7FE-D64B-4C3C-9F8D-85753FC944BE}.Release|Any CPU.Build.0 = Release|Any CPU
		{39501F05-C2AA-48B3-BDE8-6009E16980CD}.Debug|Any CPU.ActiveCfg = Debug|Any CPU
		{39501F05-C2AA-48B3-BDE8-6009E16980CD}.Debug|Any CPU.Build.0 = Debug|Any CPU
		{39501F05-C2AA-48B3-BDE8-6009E16980CD}.Release|Any CPU.ActiveCfg = Release|Any CPU
		{39501F05-C2AA-48B3-BDE8-6009E16980CD}.Release|Any CPU.Build.0 = Release|Any CPU
		{736992EE-8449-49AA-8A40-B2462AD51ECD}.Debug|Any CPU.ActiveCfg = Debug|Any CPU
		{736992EE-8449-49AA-8A40-B2462AD51ECD}.Debug|Any CPU.Build.0 = Debug|Any CPU
		{736992EE-8449-49AA-8A40-B2462AD51ECD}.Release|Any CPU.ActiveCfg = Release|Any CPU
		{736992EE-8449-49AA-8A40-B2462AD51ECD}.Release|Any CPU.Build.0 = Release|Any CPU
		{1642183D-562D-4E50-B8F7-22205D731E45}.Debug|Any CPU.ActiveCfg = Debug|Any CPU
		{1642183D-562D-4E50-B8F7-22205D731E45}.Debug|Any CPU.Build.0 = Debug|Any CPU
		{1642183D-562D-4E50-B8F7-22205D731E45}.Release|Any CPU.ActiveCfg = Release|Any CPU
		{1642183D-562D-4E50-B8F7-22205D731E45}.Release|Any CPU.Build.0 = Release|Any CPU
		{346395B5-8238-45AE-B002-C22B816AC135}.Debug|Any CPU.ActiveCfg = Debug|Any CPU
		{346395B5-8238-45AE-B002-C22B816AC135}.Debug|Any CPU.Build.0 = Debug|Any CPU
		{346395B5-8238-45AE-B002-C22B816AC135}.Release|Any CPU.ActiveCfg = Release|Any CPU
		{346395B5-8238-45AE-B002-C22B816AC135}.Release|Any CPU.Build.0 = Release|Any CPU
		{ADF04BC5-5D55-4B62-B5E3-AD355CA8BB07}.Debug|Any CPU.ActiveCfg = Debug|Any CPU
		{ADF04BC5-5D55-4B62-B5E3-AD355CA8BB07}.Debug|Any CPU.Build.0 = Debug|Any CPU
		{ADF04BC5-5D55-4B62-B5E3-AD355CA8BB07}.Release|Any CPU.ActiveCfg = Release|Any CPU
		{ADF04BC5-5D55-4B62-B5E3-AD355CA8BB07}.Release|Any CPU.Build.0 = Release|Any CPU
		{F8DB343C-6F66-40EA-9462-015F84832894}.Debug|Any CPU.ActiveCfg = Debug|Any CPU
		{F8DB343C-6F66-40EA-9462-015F84832894}.Debug|Any CPU.Build.0 = Debug|Any CPU
		{F8DB343C-6F66-40EA-9462-015F84832894}.Release|Any CPU.ActiveCfg = Release|Any CPU
		{F8DB343C-6F66-40EA-9462-015F84832894}.Release|Any CPU.Build.0 = Release|Any CPU
		{02377DCB-BF54-4343-A7C2-15B9AF8E5605}.Debug|Any CPU.ActiveCfg = Debug|Any CPU
		{02377DCB-BF54-4343-A7C2-15B9AF8E5605}.Debug|Any CPU.Build.0 = Debug|Any CPU
		{02377DCB-BF54-4343-A7C2-15B9AF8E5605}.Release|Any CPU.ActiveCfg = Release|Any CPU
		{02377DCB-BF54-4343-A7C2-15B9AF8E5605}.Release|Any CPU.Build.0 = Release|Any CPU
		{B16C43D5-A925-428D-8AB6-D5E296DB4B54}.Debug|Any CPU.ActiveCfg = Debug|Any CPU
		{B16C43D5-A925-428D-8AB6-D5E296DB4B54}.Debug|Any CPU.Build.0 = Debug|Any CPU
		{B16C43D5-A925-428D-8AB6-D5E296DB4B54}.Release|Any CPU.ActiveCfg = Release|Any CPU
		{B16C43D5-A925-428D-8AB6-D5E296DB4B54}.Release|Any CPU.Build.0 = Release|Any CPU
		{91B85760-A120-4F20-9FBD-84DB863C460B}.Debug|Any CPU.ActiveCfg = Debug|Any CPU
		{91B85760-A120-4F20-9FBD-84DB863C460B}.Debug|Any CPU.Build.0 = Debug|Any CPU
		{91B85760-A120-4F20-9FBD-84DB863C460B}.Release|Any CPU.ActiveCfg = Release|Any CPU
		{91B85760-A120-4F20-9FBD-84DB863C460B}.Release|Any CPU.Build.0 = Release|Any CPU
		{48F6571C-ED09-4ED9-B76A-AC78EF9E9890}.Debug|Any CPU.ActiveCfg = Debug|Any CPU
		{48F6571C-ED09-4ED9-B76A-AC78EF9E9890}.Debug|Any CPU.Build.0 = Debug|Any CPU
		{48F6571C-ED09-4ED9-B76A-AC78EF9E9890}.Release|Any CPU.ActiveCfg = Release|Any CPU
		{48F6571C-ED09-4ED9-B76A-AC78EF9E9890}.Release|Any CPU.Build.0 = Release|Any CPU
		{749492EB-2EFC-4D03-BB60-E26BBAF25DD8}.Debug|Any CPU.ActiveCfg = Debug|Any CPU
		{749492EB-2EFC-4D03-BB60-E26BBAF25DD8}.Debug|Any CPU.Build.0 = Debug|Any CPU
		{749492EB-2EFC-4D03-BB60-E26BBAF25DD8}.Release|Any CPU.ActiveCfg = Release|Any CPU
		{749492EB-2EFC-4D03-BB60-E26BBAF25DD8}.Release|Any CPU.Build.0 = Release|Any CPU
		{B373CEF3-3E86-4700-A91B-BA85FCA309CC}.Debug|Any CPU.ActiveCfg = Debug|Any CPU
		{B373CEF3-3E86-4700-A91B-BA85FCA309CC}.Debug|Any CPU.Build.0 = Debug|Any CPU
		{B373CEF3-3E86-4700-A91B-BA85FCA309CC}.Release|Any CPU.ActiveCfg = Release|Any CPU
		{B373CEF3-3E86-4700-A91B-BA85FCA309CC}.Release|Any CPU.Build.0 = Release|Any CPU
		{60A162A1-2A6A-4A39-B349-4B718BA1FA1F}.Debug|Any CPU.ActiveCfg = Debug|Any CPU
		{60A162A1-2A6A-4A39-B349-4B718BA1FA1F}.Debug|Any CPU.Build.0 = Debug|Any CPU
		{60A162A1-2A6A-4A39-B349-4B718BA1FA1F}.Release|Any CPU.ActiveCfg = Release|Any CPU
		{60A162A1-2A6A-4A39-B349-4B718BA1FA1F}.Release|Any CPU.Build.0 = Release|Any CPU
	EndGlobalSection
	GlobalSection(SolutionProperties) = preSolution
		HideSolutionNode = FALSE
	EndGlobalSection
	GlobalSection(NestedProjects) = preSolution
		{8673EEB5-8EB2-4DAD-886B-CE3F7605F728} = {1231F6E9-6E8B-481B-9C9C-CBE22FF974E1}
		{E50DF5B0-B85A-4317-9203-5B2BE23279B9} = {A261E46B-6D8A-4129-B56A-D0B41F72389A}
		{E28FB4BB-B14A-441A-A1B7-2EC9E37A33DF} = {1231F6E9-6E8B-481B-9C9C-CBE22FF974E1}
		{D4FEAC3B-C8F9-4DE7-8953-988C75F0F9AA} = {73BBF3B9-61AE-4116-AA3F-713CF2D58C33}
		{11E0533C-FBCF-411F-85C4-771840C700B5} = {73BBF3B9-61AE-4116-AA3F-713CF2D58C33}
		{B6ADCC98-0AB3-4D20-931C-B00A7B34B1BE} = {A261E46B-6D8A-4129-B56A-D0B41F72389A}
		{84925CA6-959A-4094-9688-622DC28B7452} = {B6ADCC98-0AB3-4D20-931C-B00A7B34B1BE}
		{11F8EB7F-9804-4902-942B-3631A8D83B06} = {1A9857B4-FC9C-4896-821D-D020C7728183}
		{FCA3F7FE-D64B-4C3C-9F8D-85753FC944BE} = {1A9857B4-FC9C-4896-821D-D020C7728183}
		{39501F05-C2AA-48B3-BDE8-6009E16980CD} = {1A9857B4-FC9C-4896-821D-D020C7728183}
		{85B6CDAD-10DB-40F6-ADC7-D21EC7388D46} = {A261E46B-6D8A-4129-B56A-D0B41F72389A}
		{736992EE-8449-49AA-8A40-B2462AD51ECD} = {85B6CDAD-10DB-40F6-ADC7-D21EC7388D46}
		{4E0F5849-5290-438A-95C8-0BBF34AD4409} = {A261E46B-6D8A-4129-B56A-D0B41F72389A}
		{1642183D-562D-4E50-B8F7-22205D731E45} = {4E0F5849-5290-438A-95C8-0BBF34AD4409}
		{346395B5-8238-45AE-B002-C22B816AC135} = {4E0F5849-5290-438A-95C8-0BBF34AD4409}
		{ADF04BC5-5D55-4B62-B5E3-AD355CA8BB07} = {85B6CDAD-10DB-40F6-ADC7-D21EC7388D46}
		{1F0C3063-08C0-48C0-98F7-92F2BB7E0855} = {A261E46B-6D8A-4129-B56A-D0B41F72389A}
		{F8DB343C-6F66-40EA-9462-015F84832894} = {1F0C3063-08C0-48C0-98F7-92F2BB7E0855}
		{02377DCB-BF54-4343-A7C2-15B9AF8E5605} = {73BBF3B9-61AE-4116-AA3F-713CF2D58C33}
		{B16C43D5-A925-428D-8AB6-D5E296DB4B54} = {85B6CDAD-10DB-40F6-ADC7-D21EC7388D46}
		{91B85760-A120-4F20-9FBD-84DB863C460B} = {B6ADCC98-0AB3-4D20-931C-B00A7B34B1BE}
		{48F6571C-ED09-4ED9-B76A-AC78EF9E9890} = {B6ADCC98-0AB3-4D20-931C-B00A7B34B1BE}
		{749492EB-2EFC-4D03-BB60-E26BBAF25DD8} = {4E0F5849-5290-438A-95C8-0BBF34AD4409}
		{9F6FCCC2-750C-455C-B8E1-7A979AB8B597} = {A261E46B-6D8A-4129-B56A-D0B41F72389A}
		{B373CEF3-3E86-4700-A91B-BA85FCA309CC} = {9F6FCCC2-750C-455C-B8E1-7A979AB8B597}
		{60A162A1-2A6A-4A39-B349-4B718BA1FA1F} = {9F6FCCC2-750C-455C-B8E1-7A979AB8B597}
	EndGlobalSection
	GlobalSection(ExtensibilityGlobals) = postSolution
		SolutionGuid = {26FBBC2A-5B37-40D9-B56C-1606A4156B85}
	EndGlobalSection
	GlobalSection(TeamFoundationVersionControl) = preSolution
		SccNumberOfProjects = 22
		SccEnterpriseProvider = {4CA58AB2-18FA-4F8D-95D4-32DDF27D184C}
		SccTeamFoundationServer = https://unicon2.visualstudio.com/
		SccLocalPath0 = .
		SccProjectUniqueName1 = BISC\\BISC.csproj
		SccProjectName1 = BISC
		SccLocalPath1 = BISC
		SccProjectUniqueName2 = BISC.Infrastructure\\BISC.Infrastructure.CompositionRoot\\BISC.Infrastructure.CompositionRoot.csproj
		SccProjectTopLevelParentUniqueName2 = BISC.sln
		SccProjectName2 = BISC.Infrastructure/BISC.Infrastructure.CompositionRoot
		SccLocalPath2 = BISC.Infrastructure\\BISC.Infrastructure.CompositionRoot
		SccProjectUniqueName3 = BISC.Infrastructure\\BISC.Infrastructure.Global\\BISC.Infrastructure.Global.csproj
		SccProjectTopLevelParentUniqueName3 = BISC.sln
		SccProjectName3 = BISC.Infrastructure/BISC.Infrastructure.Global
		SccLocalPath3 = BISC.Infrastructure\\BISC.Infrastructure.Global
		SccProjectUniqueName4 = BISC.Presentation\\BISC.Presentation.Infrastructure\\BISC.Presentation.Infrastructure.csproj
		SccProjectTopLevelParentUniqueName4 = BISC.sln
		SccProjectName4 = BISC.Presentation/BISC.Presentation.Infrastructure
		SccLocalPath4 = BISC.Presentation\\BISC.Presentation.Infrastructure
		SccProjectUniqueName5 = BISC.Presentation\\BISC.Presentation\\BISC.Presentation.csproj
		SccProjectTopLevelParentUniqueName5 = BISC.sln
		SccProjectName5 = BISC.Presentation/BISC.Presentation
		SccLocalPath5 = BISC.Presentation\\BISC.Presentation
		SccProjectUniqueName6 = BISC.Modules\\BISC.Modules.Connection\\BISC.Modules.Connection.Infrastructure\\BISC.Modules.Connection.Infrastructure.csproj
		SccProjectTopLevelParentUniqueName6 = BISC.sln
		SccProjectName6 = BISC.Modules/BISC.Modules.Connection/BISC.Modules.Connection.Infrastructure
		SccLocalPath6 = BISC.Modules\\BISC.Modules.Connection\\BISC.Modules.Connection.Infrastructure
		SccProjectUniqueName7 = BISC.Model\\BISC.Model.Infrastructure\\BISC.Model.Infrastructure.csproj
		SccProjectTopLevelParentUniqueName7 = BISC.sln
		SccProjectName7 = BISC.Model/BISC.Model.Infrastructure
		SccLocalPath7 = BISC.Model\\BISC.Model.Infrastructure
		SccProjectUniqueName8 = BISC.Model\\BISC.Model.Global\\BISC.Model.Global.csproj
		SccProjectTopLevelParentUniqueName8 = BISC.sln
		SccProjectName8 = BISC.Model/BISC.Model.Global
		SccLocalPath8 = BISC.Model\\BISC.Model.Global
		SccProjectUniqueName9 = BISC.Model\\BISC.Model.Iec61850Ed2\\BISC.Model.Iec61850Ed2.csproj
		SccProjectTopLevelParentUniqueName9 = BISC.sln
		SccProjectName9 = BISC.Model/BISC.Model.Iec61850Ed2
		SccLocalPath9 = BISC.Model\\BISC.Model.Iec61850Ed2
		SccProjectUniqueName10 = BISC.Modules\\BISC.Modules.Device\\BISC.Modules.Device.Presentation\\BISC.Modules.Device.Presentation.csproj
		SccProjectTopLevelParentUniqueName10 = BISC.sln
		SccProjectName10 = BISC.Modules/BISC.Modules.Device/BISC.Modules.Device.Presentation
		SccLocalPath10 = BISC.Modules\\BISC.Modules.Device\\BISC.Modules.Device.Presentation
		SccProjectUniqueName11 = BISC.Modules\\BISC.Modules.InformationModel\\BISC.Modules.InformationModel.Infrastucture\\BISC.Modules.InformationModel.Infrastucture.csproj
		SccProjectTopLevelParentUniqueName11 = BISC.sln
		SccProjectName11 = BISC.Modules/BISC.Modules.InformationModel/BISC.Modules.InformationModel.Infrastucture
		SccLocalPath11 = BISC.Modules\\BISC.Modules.InformationModel\\BISC.Modules.InformationModel.Infrastucture
		SccProjectUniqueName12 = BISC.Modules\\BISC.Modules.InformationModel\\BISC.Modules.InformationModel.Model\\BISC.Modules.InformationModel.Model.csproj
		SccProjectTopLevelParentUniqueName12 = BISC.sln
		SccProjectName12 = BISC.Modules/BISC.Modules.InformationModel/BISC.Modules.InformationModel.Model
		SccLocalPath12 = BISC.Modules\\BISC.Modules.InformationModel\\BISC.Modules.InformationModel.Model
		SccProjectUniqueName13 = BISC.Modules\\BISC.Modules.Device\\BISC.Modules.Device.Infrastructure\\BISC.Modules.Device.Infrastructure.csproj
		SccProjectTopLevelParentUniqueName13 = BISC.sln
		SccProjectName13 = BISC.Modules/BISC.Modules.Device/BISC.Modules.Device.Infrastructure
		SccLocalPath13 = BISC.Modules\\BISC.Modules.Device\\BISC.Modules.Device.Infrastructure
		SccProjectUniqueName14 = BISC.Modules\\BISC.Modules.Logging\\BISC.Modules.Logging.Infrastructure\\BISC.Modules.Logging.csproj
		SccProjectTopLevelParentUniqueName14 = BISC.sln
		SccProjectName14 = BISC.Modules/BISC.Modules.Logging/BISC.Modules.Logging.Infrastructure
		SccLocalPath14 = BISC.Modules\\BISC.Modules.Logging\\BISC.Modules.Logging.Infrastructure
		SccProjectUniqueName15 = BISC.Presentation\\BISC.Presentation.BaseItems\\BISC.Presentation.BaseItems.csproj
		SccProjectTopLevelParentUniqueName15 = BISC.sln
		SccProjectName15 = BISC.Presentation/BISC.Presentation.BaseItems
		SccLocalPath15 = BISC.Presentation\\BISC.Presentation.BaseItems
		SccProjectUniqueName16 = BISC.Modules\\BISC.Modules.Device\\BISC.Modules.Device.Model\\BISC.Modules.Device.Model.csproj
		SccProjectTopLevelParentUniqueName16 = BISC.sln
		SccProjectName16 = BISC.Modules/BISC.Modules.Device/BISC.Modules.Device.Model
		SccLocalPath16 = BISC.Modules\\BISC.Modules.Device\\BISC.Modules.Device.Model
		SccProjectUniqueName17 = BISC.Modules.Connection.Model\\BISC.Modules.Connection.Model.csproj
		SccProjectTopLevelParentUniqueName17 = BISC.sln
		SccProjectName17 = BISC.Modules.Connection.Model
		SccLocalPath17 = BISC.Modules.Connection.Model
		SccProjectUniqueName18 = BISC.Modules.Connection.Presentation\\BISC.Modules.Connection.Presentation.csproj
		SccProjectTopLevelParentUniqueName18 = BISC.sln
		SccProjectName18 = BISC.Modules.Connection.Presentation
		SccLocalPath18 = BISC.Modules.Connection.Presentation
		SccProjectUniqueName19 = BISC.Modules\\BISC.Modules.FTP\\BISC.Modules.FTP.Infrastructure\\BISC.Modules.FTP.Infrastructure.csproj
		SccProjectTopLevelParentUniqueName19 = BISC.sln
		SccProjectName19 = BISC.Modules/BISC.Modules.FTP/BISC.Modules.FTP.Infrastructure
		SccLocalPath19 = BISC.Modules\\BISC.Modules.FTP\\BISC.Modules.FTP.Infrastructure
		SccProjectUniqueName20 = BISC.Modules\\BISC.Modules.FTP\\BISC.Modules.FTP\\BISC.Modules.FTP.csproj
		SccProjectTopLevelParentUniqueName20 = BISC.sln
		SccProjectName20 = BISC.Modules/BISC.Modules.FTP/BISC.Modules.FTP
		SccLocalPath20 = BISC.Modules\\BISC.Modules.FTP\\BISC.Modules.FTP
		SccProjectUniqueName21 = BISC.Modules\\BISC.Modules.InformationModel\\BISC.Modules.InformationModel.Presentation\\BISC.Modules.InformationModel.Presentation.csproj
		SccProjectTopLevelParentUniqueName21 = BISC.sln
		SccProjectName21 = BISC.Modules/BISC.Modules.InformationModel/BISC.Modules.InformationModel.Presentation
		SccLocalPath21 = BISC.Modules\\BISC.Modules.InformationModel\\BISC.Modules.InformationModel.Presentation
	EndGlobalSection
EndGlobal
