
Microsoft Visual Studio Solution File, Format Version 12.00
# Visual Studio 15
VisualStudioVersion = 15.0.26228.9
MinimumVisualStudioVersion = 10.0.40219.1
Project("{FAE04EC0-301F-11D3-BF4B-00C04F79EFBC}") = "BISC", "BISC\BISC.csproj", "{6538F683-BD3F-494E-916D-60C8A35E64F3}"
EndProject
Project("{2150E333-8FDC-42A3-9474-1A3956D46DE8}") = "BISC.Presentation", "BISC.Presentation", "{73BBF3B9-61AE-4116-AA3F-713CF2D58C33}"
EndProject
Project("{2150E333-8FDC-42A3-9474-1A3956D46DE8}") = "BISC.Model", "BISC.Model", "{1A9857B4-FC9C-4896-821D-D020C7728183}"
EndProject
Project("{2150E333-8FDC-42A3-9474-1A3956D46DE8}") = "BISC.Modules", "BISC.Modules", "{A261E46B-6D8A-4129-B56A-D0B41F72389A}"
EndProject
Project("{2150E333-8FDC-42A3-9474-1A3956D46DE8}") = "BISC.Infrastructure", "BISC.Infrastructure", "{1231F6E9-6E8B-481B-9C9C-CBE22FF974E1}"
EndProject
Project("{FAE04EC0-301F-11D3-BF4B-00C04F79EFBC}") = "BISC.Infrastructure.CompositionRoot", "BISC.Infrastructure\BISC.Infrastructure.CompositionRoot\BISC.Infrastructure.CompositionRoot.csproj", "{8673EEB5-8EB2-4DAD-886B-CE3F7605F728}"
EndProject
Project("{2150E333-8FDC-42A3-9474-1A3956D46DE8}") = "BISC.Modules.Gooses", "BISC.Modules.Gooses", "{E50DF5B0-B85A-4317-9203-5B2BE23279B9}"
EndProject
Project("{FAE04EC0-301F-11D3-BF4B-00C04F79EFBC}") = "BISC.Modules.Gooses", "BISC.Modules\BISC.Modules.Gooses\BISC.Modules.Gooses.csproj", "{ED18F5B0-C51D-425E-8B00-46C8A64DC083}"
EndProject
Project("{FAE04EC0-301F-11D3-BF4B-00C04F79EFBC}") = "BISC.Infrastructure.Global", "BISC.Infrastructure\BISC.Infrastructure.Global\BISC.Infrastructure.Global.csproj", "{E28FB4BB-B14A-441A-A1B7-2EC9E37A33DF}"
EndProject
Project("{FAE04EC0-301F-11D3-BF4B-00C04F79EFBC}") = "BISC.Presentation.Infrastructure", "BISC.Presentation\BISC.Presentation.Infrastructure\BISC.Presentation.Infrastructure.csproj", "{D4FEAC3B-C8F9-4DE7-8953-988C75F0F9AA}"
EndProject
Project("{FAE04EC0-301F-11D3-BF4B-00C04F79EFBC}") = "BISC.Presentation", "BISC.Presentation\BISC.Presentation\BISC.Presentation.csproj", "{11E0533C-FBCF-411F-85C4-771840C700B5}"
EndProject
Global
	GlobalSection(SolutionConfigurationPlatforms) = preSolution
		Debug|Any CPU = Debug|Any CPU
		Release|Any CPU = Release|Any CPU
	EndGlobalSection
	GlobalSection(ProjectConfigurationPlatforms) = postSolution
		{6538F683-BD3F-494E-916D-60C8A35E64F3}.Debug|Any CPU.ActiveCfg = Debug|Any CPU
		{6538F683-BD3F-494E-916D-60C8A35E64F3}.Debug|Any CPU.Build.0 = Debug|Any CPU
		{6538F683-BD3F-494E-916D-60C8A35E64F3}.Release|Any CPU.ActiveCfg = Release|Any CPU
		{6538F683-BD3F-494E-916D-60C8A35E64F3}.Release|Any CPU.Build.0 = Release|Any CPU
		{8673EEB5-8EB2-4DAD-886B-CE3F7605F728}.Debug|Any CPU.ActiveCfg = Debug|Any CPU
		{8673EEB5-8EB2-4DAD-886B-CE3F7605F728}.Debug|Any CPU.Build.0 = Debug|Any CPU
		{8673EEB5-8EB2-4DAD-886B-CE3F7605F728}.Release|Any CPU.ActiveCfg = Release|Any CPU
		{8673EEB5-8EB2-4DAD-886B-CE3F7605F728}.Release|Any CPU.Build.0 = Release|Any CPU
		{ED18F5B0-C51D-425E-8B00-46C8A64DC083}.Debug|Any CPU.ActiveCfg = Debug|Any CPU
		{ED18F5B0-C51D-425E-8B00-46C8A64DC083}.Debug|Any CPU.Build.0 = Debug|Any CPU
		{ED18F5B0-C51D-425E-8B00-46C8A64DC083}.Release|Any CPU.ActiveCfg = Release|Any CPU
		{ED18F5B0-C51D-425E-8B00-46C8A64DC083}.Release|Any CPU.Build.0 = Release|Any CPU
		{E28FB4BB-B14A-441A-A1B7-2EC9E37A33DF}.Debug|Any CPU.ActiveCfg = Debug|Any CPU
		{E28FB4BB-B14A-441A-A1B7-2EC9E37A33DF}.Debug|Any CPU.Build.0 = Debug|Any CPU
		{E28FB4BB-B14A-441A-A1B7-2EC9E37A33DF}.Release|Any CPU.ActiveCfg = Release|Any CPU
		{E28FB4BB-B14A-441A-A1B7-2EC9E37A33DF}.Release|Any CPU.Build.0 = Release|Any CPU
		{D4FEAC3B-C8F9-4DE7-8953-988C75F0F9AA}.Debug|Any CPU.ActiveCfg = Debug|Any CPU
		{D4FEAC3B-C8F9-4DE7-8953-988C75F0F9AA}.Debug|Any CPU.Build.0 = Debug|Any CPU
		{D4FEAC3B-C8F9-4DE7-8953-988C75F0F9AA}.Release|Any CPU.ActiveCfg = Release|Any CPU
		{D4FEAC3B-C8F9-4DE7-8953-988C75F0F9AA}.Release|Any CPU.Build.0 = Release|Any CPU
		{11E0533C-FBCF-411F-85C4-771840C700B5}.Debug|Any CPU.ActiveCfg = Debug|Any CPU
		{11E0533C-FBCF-411F-85C4-771840C700B5}.Debug|Any CPU.Build.0 = Debug|Any CPU
		{11E0533C-FBCF-411F-85C4-771840C700B5}.Release|Any CPU.ActiveCfg = Release|Any CPU
		{11E0533C-FBCF-411F-85C4-771840C700B5}.Release|Any CPU.Build.0 = Release|Any CPU
	EndGlobalSection
	GlobalSection(SolutionProperties) = preSolution
		HideSolutionNode = FALSE
	EndGlobalSection
	GlobalSection(NestedProjects) = preSolution
		{8673EEB5-8EB2-4DAD-886B-CE3F7605F728} = {1231F6E9-6E8B-481B-9C9C-CBE22FF974E1}
		{E50DF5B0-B85A-4317-9203-5B2BE23279B9} = {A261E46B-6D8A-4129-B56A-D0B41F72389A}
		{ED18F5B0-C51D-425E-8B00-46C8A64DC083} = {E50DF5B0-B85A-4317-9203-5B2BE23279B9}
		{E28FB4BB-B14A-441A-A1B7-2EC9E37A33DF} = {1231F6E9-6E8B-481B-9C9C-CBE22FF974E1}
		{D4FEAC3B-C8F9-4DE7-8953-988C75F0F9AA} = {73BBF3B9-61AE-4116-AA3F-713CF2D58C33}
		{11E0533C-FBCF-411F-85C4-771840C700B5} = {73BBF3B9-61AE-4116-AA3F-713CF2D58C33}
	EndGlobalSection
	GlobalSection(TeamFoundationVersionControl) = preSolution
		SccNumberOfProjects = 7
		SccEnterpriseProvider = {4CA58AB2-18FA-4F8D-95D4-32DDF27D184C}
		SccTeamFoundationServer = https://unicon2.visualstudio.com/
		SccLocalPath0 = .
		SccProjectUniqueName1 = BISC\\BISC.csproj
		SccProjectName1 = BISC
		SccLocalPath1 = BISC
		SccProjectUniqueName2 = BISC.Infrastructure\\BISC.Infrastructure.CompositionRoot\\BISC.Infrastructure.CompositionRoot.csproj
		SccProjectTopLevelParentUniqueName2 = BISC.sln
		SccProjectName2 = BISC.Infrastructure/BISC.Infrastructure.CompositionRoot
		SccLocalPath2 = BISC.Infrastructure\\BISC.Infrastructure.CompositionRoot
		SccProjectUniqueName3 = BISC.Modules\\BISC.Modules.Gooses\\BISC.Modules.Gooses.csproj
		SccProjectTopLevelParentUniqueName3 = BISC.sln
		SccProjectName3 = BISC.Modules/BISC.Modules.Gooses
		SccLocalPath3 = BISC.Modules\\BISC.Modules.Gooses
		SccProjectUniqueName4 = BISC.Infrastructure\\BISC.Infrastructure.Global\\BISC.Infrastructure.Global.csproj
		SccProjectTopLevelParentUniqueName4 = BISC.sln
		SccProjectName4 = BISC.Infrastructure/BISC.Infrastructure.Global
		SccLocalPath4 = BISC.Infrastructure\\BISC.Infrastructure.Global
		SccProjectUniqueName5 = BISC.Presentation\\BISC.Presentation.Infrastructure\\BISC.Presentation.Infrastructure.csproj
		SccProjectTopLevelParentUniqueName5 = BISC.sln
		SccProjectName5 = BISC.Presentation/BISC.Presentation.Infrastructure
		SccLocalPath5 = BISC.Presentation\\BISC.Presentation.Infrastructure
		SccProjectUniqueName6 = BISC.Presentation\\BISC.Presentation\\BISC.Presentation.csproj
		SccProjectTopLevelParentUniqueName6 = BISC.sln
		SccProjectName6 = BISC.Presentation/BISC.Presentation
		SccLocalPath6 = BISC.Presentation\\BISC.Presentation
	EndGlobalSection
EndGlobal
